
Microsoft Visual Studio Solution File, Format Version 12.00
# Visual Studio Version 17
VisualStudioVersion = 17.7.34009.444
MinimumVisualStudioVersion = 10.0.40219.1
Project("{FAE04EC0-301F-11D3-BF4B-00C04F79EFBC}") = "FileIODemo", "FileIODemo\FileIODemo.csproj", "{FA17D6AD-45B8-4B4F-814D-1D0FCA6F5B4E}"
EndProject
Global
	GlobalSection(SolutionConfigurationPlatforms) = preSolution
		Debug|Any CPU = Debug|Any CPU
		Release|Any CPU = Release|Any CPU
	EndGlobalSection
	GlobalSection(ProjectConfigurationPlatforms) = postSolution
		{FA17D6AD-45B8-4B4F-814D-1D0FCA6F5B4E}.Debug|Any CPU.ActiveCfg = Debug|Any CPU
		{FA17D6AD-45B8-4B4F-814D-1D0FCA6F5B4E}.Debug|Any CPU.Build.0 = Debug|Any CPU
		{FA17D6AD-45B8-4B4F-814D-1D0FCA6F5B4E}.Release|Any CPU.ActiveCfg = Release|Any CPU
		{FA17D6AD-45B8-4B4F-814D-1D0FCA6F5B4E}.Release|Any CPU.Build.0 = Release|Any CPU
	EndGlobalSection
	GlobalSection(SolutionProperties) = preSolution
		HideSolutionNode = FALSE
	EndGlobalSection
	GlobalSection(ExtensibilityGlobals) = postSolution
		SolutionGuid = {C0017EE2-1F4C-40B1-B8A4-A286C61ECEA1}
	EndGlobalSection
EndGlobal
